
Microsoft Visual Studio Solution File, Format Version 12.00
# Visual Studio Version 16
VisualStudioVersion = 16.0.30804.86
MinimumVisualStudioVersion = 10.0.40219.1
Project("{FAE04EC0-301F-11D3-BF4B-00C04F79EFBC}") = "DataTransformation", "DataTransformation.csproj", "{09BDA9B9-9CE0-4EB7-9161-57B232C5BD70}"
EndProject
Global
	GlobalSection(SolutionConfigurationPlatforms) = preSolution
		Debug|Any CPU = Debug|Any CPU
		Release|Any CPU = Release|Any CPU
	EndGlobalSection
	GlobalSection(ProjectConfigurationPlatforms) = postSolution
		{09BDA9B9-9CE0-4EB7-9161-57B232C5BD70}.Debug|Any CPU.ActiveCfg = Debug|Any CPU
		{09BDA9B9-9CE0-4EB7-9161-57B232C5BD70}.Debug|Any CPU.Build.0 = Debug|Any CPU
		{09BDA9B9-9CE0-4EB7-9161-57B232C5BD70}.Release|Any CPU.ActiveCfg = Release|Any CPU
		{09BDA9B9-9CE0-4EB7-9161-57B232C5BD70}.Release|Any CPU.Build.0 = Release|Any CPU
	EndGlobalSection
	GlobalSection(SolutionProperties) = preSolution
		HideSolutionNode = FALSE
	EndGlobalSection
	GlobalSection(ExtensibilityGlobals) = postSolution
		SolutionGuid = {6F1AEB37-1DE1-4C21-829E-9261A21AAF69}
	EndGlobalSection
EndGlobal
